{

  "name": "template-ethereum-contracts",

  "lockfileVersion": 3,

  "requires": true,

  "packages": {

    "../node_modules/.pnpm/@nomicfoundation+hardhat-network-helpers@1.0.12_hardhat@2.24.2_bufferutil@4.0.9_ts-node_49c4a727f2776fdb5ecefc580e419212/node_modules/@nomicfoundation/hardhat-network-helpers": {

      "version": "1.0.12",

      "extraneous": true,

      "license": "MIT",

      "dependencies": {

        "ethereumjs-util": "^7.1.4"

      },

      "devDependencies": {

        "@nomicfoundation/eslint-plugin-hardhat-internal-rules": "^1.0.2",

        "@nomicfoundation/eslint-plugin-slow-imports": "^1.0.0",

        "@types/chai": "^4.2.0",

        "@types/chai-as-promised": "^7.1.3",

        "@types/mocha": ">=9.1.0",

        "@types/node": "^18.0.0",

        "@typescript-eslint/eslint-plugin": "5.61.0",

        "@typescript-eslint/parser": "5.61.0",

        "chai": "^4.2.0",

        "chai-as-promised": "^7.1.1",

        "eslint": "^8.44.0",

        "eslint-config-prettier": "8.3.0",

        "eslint-plugin-import": "2.27.5",

        "eslint-plugin-mocha": "10.4.1",

        "eslint-plugin-prettier": "3.4.0",

        "ethers-v5": "npm:ethers@5",

        "hardhat": "^2.9.5",

        "mocha": "^10.0.0",

        "prettier": "2.4.1",

        "rimraf": "^3.0.2",

        "ts-node": "^10.8.0",

        "typescript": "~5.0.0"

      },

      "peerDependencies": {

        "hardhat": "^2.9.5"

      }

    },

    "../node_modules/.pnpm/@rocketh+deploy-proxy@0.11.1_@rocketh+deploy@0.11.17_bufferutil@4.0.9_rocketh@0.11.20_b_fd5b7a70a3109aa9da8b1c5e572a4c97/node_modules/@rocketh/deploy-proxy": {

      "version": "0.11.1",

      "extraneous": true,

      "dependencies": {

        "named-logs": "^0.3.2",

        "solidity-proxy": "^0.4.0",

        "viem": "^2.23.10"

      },

      "devDependencies": {

        "@rocketh/deploy": "0.11.1",

        "@rocketh/read-execute": "0.11.1",

        "abitype": "^1.0.8",

        "as-soon": "^0.0.11",

        "eip-1193": "^0.6.2",

        "rimraf": "^6.0.1",

        "rocketh": "0.11.1",

        "typescript": "^5.8.2"

      },

      "peerDependencies": {

        "@rocketh/deploy": "0.11.1",

        "@rocketh/read-execute": "0.11.1",

        "rocketh": "0.11.1"

      }

    },

    "../node_modules/.pnpm/@rocketh+deploy-router@0.10.12_bufferutil@4.0.9_rocketh@0.11.20_bufferutil@4.0.9_typesc_a7382aca8271ed59a314e62bad5fe7f3/node_modules/@rocketh/deploy-router": {

      "version": "0.10.12",

      "extraneous": true,

      "dependencies": {

        "@rocketh/deploy": "0.10.12",

        "ethers": "^6.13.1",

        "named-logs": "^0.2.4",

        "solidity-proxy": "^0.4.0",

        "viem": "^2.16.2"

      },

      "devDependencies": {

        "abitype": "^1.0.4",

        "as-soon": "^0.0.11",

        "eip-1193": "^0.5.0",

        "rimraf": "^5.0.7",

        "rocketh": "0.10.18",

        "typescript": "^5.5.2"

      },

      "peerDependencies": {

        "rocketh": "0.10.18"

      }

    },

    "../node_modules/.pnpm/@rocketh+deploy@0.11.17_bufferutil@4.0.9_rocketh@0.11.20_bufferutil@4.0.9_typescript@5._09fb04a246c7eff3c661e9acdfa7b064/node_modules/@rocketh/deploy": {

      "version": "0.11.17",

      "extraneous": true,

      "dependencies": {

        "named-logs": "^0.3.2",

        "viem": "^2.23.12"

      },

      "devDependencies": {

        "abitype": "^1.0.8",

        "as-soon": "^0.0.11",

        "eip-1193": "^0.6.2",

        "rimraf": "^6.0.1",

        "rocketh": "0.11.17",

        "typescript": "^5.8.2"

      },

      "peerDependencies": {

        "rocketh": "0.11.17"

      }

    },

    "../node_modules/.pnpm/@rocketh+doc@0.10.12_bufferutil@4.0.9_rocketh@0.11.20_bufferutil@4.0.9_typescript@5.8.3_c9f8a01b39fee417c2260ebb770cfe51/node_modules/@rocketh/doc": {

      "version": "0.10.12",

      "extraneous": true,

      "dependencies": {

        "@types/fs-extra": "^11.0.4",

        "commander": "^12.1.0",

        "ethers": "^6.13.1",

        "fs-extra": "^11.2.0",

        "handlebars": "^4.7.8"

      },

      "bin": {

        "rocketh-doc": "dist/esm/cli.js"

      },

      "devDependencies": {

        "@types/node": "^20.14.8",

        "as-soon": "^0.0.11",

        "rimraf": "^5.0.7",

        "rocketh": "0.10.18",

        "typescript": "^5.5.2"

      },

      "peerDependencies": {

        "rocketh": "0.10.18"

      }

    },

    "../node_modules/.pnpm/@rocketh+export@0.11.20_rocketh@0.11.20_bufferutil@4.0.9_typescript@5.8.3_utf-8-validate@5.0.10_zod@3.25.56_/node_modules/@rocketh/export": {

      "version": "0.11.20",

      "extraneous": true,

      "dependencies": {

        "@types/fs-extra": "^11.0.4",

        "chalk": "5.4.1",

        "commander": "^13.1.0",

        "fs-extra": "^11.3.0"

      },

      "bin": {

        "rocketh-export": "dist/cli.js"

      },

      "devDependencies": {

        "@types/node": "^22.13.10",

        "abitype": "^1.0.8",

        "as-soon": "^0.0.11",

        "eip-1193": "^0.6.2",

        "rimraf": "^6.0.1",

        "rocketh": "0.11.20",

        "typescript": "^5.8.2"

      },

      "peerDependencies": {

        "rocketh": "0.11.20"

      }

    },

    "../node_modules/.pnpm/@rocketh+signer@0.10.12_bufferutil@4.0.9_rocketh@0.11.20_bufferutil@4.0.9_typescript@5._ed577ec9161e2943f54d0853b648331c/node_modules/@rocketh/signer": {

      "version": "0.10.12",

      "extraneous": true,

      "dependencies": {

        "eip-1193-signer": "^0.0.3"

      },

      "devDependencies": {

        "as-soon": "^0.0.11",

        "eip-1193": "^0.5.0",

        "rimraf": "^5.0.7",

        "rocketh": "0.10.18",

        "typescript": "^5.5.2"

      },

      "peerDependencies": {

        "rocketh": "0.10.18"

      }

    },

    "../node_modules/.pnpm/@rocketh+verifier@0.10.15_bufferutil@4.0.9_typescript@5.8.3_utf-8-validate@5.0.10_zod@3.25.56/node_modules/@rocketh/verifier": {

      "version": "0.10.15",

      "extraneous": true,

      "dependencies": {

        "@types/fs-extra": "^11.0.4",

        "@types/qs": "^6.9.15",

        "chalk": "5.3.0",

        "commander": "^12.1.0",

        "fs-extra": "^11.2.0",

        "ldenv": "^0.3.10",

        "qs": "^6.12.1",

        "rocketh": "0.10.18"

      },

      "bin": {

        "rocketh-verify": "dist/esm/cli.js"

      },

      "devDependencies": {

        "@types/node": "^20.14.8",

        "as-soon": "^0.0.11",

        "rimraf": "^5.0.7",

        "typescript": "^5.5.2"

      }

    },

    "../node_modules/.pnpm/@types+fs-extra@11.0.4/node_modules/@types/fs-extra": {

      "version": "11.0.4",

      "extraneous": true,

      "license": "MIT",

      "dependencies": {

        "@types/jsonfile": "*",

        "@types/node": "*"

      }

    },

    "../node_modules/.pnpm/as-soon@0.0.9/node_modules/as-soon": {

      "version": "0.0.9",

      "extraneous": true,

      "dependencies": {

        "@parcel/watcher": "^2.4.0",

        "ldenv": "^0.3.9",

        "lodash": "^4.17.21",

        "lodash-es": "^4.17.21"

      },

      "bin": {

        "as-soon": "dist/cli.cjs"

      },

      "devDependencies": {

        "@types/lodash": "^4.14.202",

        "@types/lodash-es": "^4.17.12",

        "@types/node": "^20.11.16",

        "set-defaults": "^0.0.2",

        "tsup": "^8.0.1",

        "typescript": "^5.3.3"

      }

    },

    "../node_modules/.pnpm/eip-1193@0.5.0/node_modules/eip-1193": {

      "version": "0.5.0",

      "extraneous": true,

      "license": "MIT"

    },

    "../node_modules/.pnpm/fs-extra@11.3.0/node_modules/fs-extra": {

      "version": "11.3.0",

      "extraneous": true,

      "license": "MIT",

      "dependencies": {

        "graceful-fs": "^4.2.0",

        "jsonfile": "^6.0.1",

        "universalify": "^2.0.0"

      },

      "devDependencies": {

        "klaw": "^2.1.1",

        "klaw-sync": "^3.0.2",

        "minimist": "^1.1.1",

        "mocha": "^10.1.0",

        "nyc": "^15.0.0",

        "proxyquire": "^2.0.1",

        "read-dir-files": "^0.1.1",

        "standard": "^17.0.0"

      },

      "engines": {

        "node": ">=14.14"

      }

    },

    "../node_modules/.pnpm/hardhat-rocketh@4.0.27_hardhat@2.24.2_bufferutil@4.0.9_ts-node@10.9.2_@types+node@22.15_18ef0fb49606c576ed737db2fb37d92f/node_modules/hardhat-rocketh": {

      "version": "4.0.27",

      "extraneous": true,

      "devDependencies": {

        "@types/node": "^20.14.8",

        "as-soon": "^0.0.11",

        "hardhat": "^2.22.5",

        "rimraf": "^5.0.7",

        "rocketh": "0.10.18",

        "typescript": "^5.5.2"

      },

      "peerDependencies": {

        "hardhat": "^2.22.5",

        "rocketh": "0.10.18"

      }

    },

    "../node_modules/.pnpm/hardhat@2.24.2_bufferutil@4.0.9_ts-node@10.9.2_@types+node@22.15.30_typescript@5.8.3__t_be128c65f68bdf797aec151e6376c248/node_modules/hardhat": {

      "version": "2.24.2",

      "extraneous": true,

      "license": "MIT",

      "dependencies": {

        "@ethereumjs/util": "^9.1.0",

        "@ethersproject/abi": "^5.1.2",

        "@nomicfoundation/edr": "^0.11.0",

        "@nomicfoundation/solidity-analyzer": "^0.1.0",

        "@sentry/node": "^5.18.1",

        "@types/bn.js": "^5.1.0",

        "@types/lru-cache": "^5.1.0",

        "adm-zip": "^0.4.16",

        "aggregate-error": "^3.0.0",

        "ansi-escapes": "^4.3.0",

        "boxen": "^5.1.2",

        "chokidar": "^4.0.0",

        "ci-info": "^2.0.0",

        "debug": "^4.1.1",

        "enquirer": "^2.3.0",

        "env-paths": "^2.2.0",

        "ethereum-cryptography": "^1.0.3",

        "find-up": "^5.0.0",

        "fp-ts": "1.19.3",

        "fs-extra": "^7.0.1",

        "immutable": "^4.0.0-rc.12",

        "io-ts": "1.10.4",

        "json-stream-stringify": "^3.1.4",

        "keccak": "^3.0.2",

        "lodash": "^4.17.11",

        "micro-eth-signer": "^0.14.0",

        "mnemonist": "^0.38.0",

        "mocha": "^10.0.0",

        "p-map": "^4.0.0",

        "picocolors": "^1.1.0",

        "raw-body": "^2.4.1",

        "resolve": "1.17.0",

        "semver": "^6.3.0",

        "solc": "0.8.26",

        "source-map-support": "^0.5.13",

        "stacktrace-parser": "^0.1.10",

        "tinyglobby": "^0.2.6",

        "tsort": "0.0.1",

        "undici": "^5.14.0",

        "uuid": "^8.3.2",

        "ws": "^7.4.6"

      },

      "bin": {

        "hardhat": "internal/cli/bootstrap.js"

      },

      "devDependencies": {

        "@nomicfoundation/eslint-plugin-hardhat-internal-rules": "^1.0.2",

        "@nomicfoundation/eslint-plugin-slow-imports": "^1.0.0",

        "@types/async-eventemitter": "^0.2.1",

        "@types/bn.js": "^5.1.0",

        "@types/chai": "^4.2.0",

        "@types/chai-as-promised": "^7.1.3",

        "@types/ci-info": "^2.0.0",

        "@types/debug": "^4.1.4",

        "@types/fs-extra": "^5.1.0",

        "@types/keccak": "^3.0.1",

        "@types/lodash": "^4.14.123",

        "@types/mocha": ">=9.1.0",

        "@types/node": "^18.0.0",

        "@types/resolve": "^1.17.1",

        "@types/semver": "^6.0.2",

        "@types/sinon": "^9.0.8",

        "@types/uuid": "^8.3.1",

        "@types/ws": "^7.2.1",

        "@typescript-eslint/eslint-plugin": "5.61.0",

        "@typescript-eslint/parser": "5.61.0",

        "bignumber.js": "^9.0.2",

        "bn.js": "^5.1.0",

        "chai": "^4.2.0",

        "chai-as-promised": "^7.1.1",

        "eslint": "^8.44.0",

        "eslint-config-prettier": "8.3.0",

        "eslint-plugin-import": "2.27.5",

        "eslint-plugin-mocha": "10.4.1",

        "eslint-plugin-prettier": "3.4.0",

        "ethers": "^6.1.0",

        "ethers-v5": "npm:ethers@5",

        "mocha": "^10.0.0",

        "prettier": "2.4.1",

        "rimraf": "^3.0.2",

        "sinon": "^9.0.0",

        "time-require": "^0.1.2",

        "ts-node": "^10.8.0",

        "typescript": "~5.0.0"

      },

      "peerDependencies": {

        "ts-node": "*",

        "typescript": "*"

      },

      "peerDependenciesMeta": {

        "ts-node": {

          "optional": true

        },

        "typescript": {

          "optional": true

        }

      }

    },

    "../node_modules/.pnpm/ldenv@0.3.12/node_modules/ldenv": {

      "version": "0.3.12",

      "extraneous": true,

      "dependencies": {

        "dotenv": "^16.0.3",

        "dotenv-expand": "^10.0.0"

      },

      "bin": {

        "ldenv": "dist/cli.cjs"

      },

      "devDependencies": {

        "@types/node": "^18.15.5",

        "ipfs-gateway-emulator": "4.2.1-ipfs.2",

        "set-defaults": "^0.0.1",

        "tsup": "^6.7.0",

        "typedoc": "^0.23.28",

        "typescript": "^4.9.5"

      }

    },

    "../node_modules/.pnpm/prettier-plugin-solidity@2.0.0_prettier@3.5.3/node_modules/prettier-plugin-solidity": {

      "version": "2.0.0",

      "extraneous": true,

      "license": "MIT",

      "dependencies": {

        "@nomicfoundation/slang": "1.1.0",

        "@solidity-parser/parser": "^0.20.1",

        "semver": "^7.7.1"

      },

      "devDependencies": {

        "@babel/code-frame": "^7.26.2",

        "@eslint/eslintrc": "^3.3.1",

        "@eslint/js": "^9.25.1",

        "@types/jest": "^29.5.14",

        "@types/semver": "^7.7.0",

        "@typescript-eslint/eslint-plugin": "^8.31.0",

        "@typescript-eslint/parser": "^8.31.0",

        "c8": "^10.1.3",

        "cross-env": "^7.0.3",

        "eslint": "^9.25.1",

        "eslint-config-prettier": "^10.1.2",

        "esm-utils": "^4.3.0",

        "globals": "^16.0.0",

        "jest": "^29.7.0",

        "jest-light-runner": "^0.7.8",

        "jest-snapshot-serializer-ansi": "^2.2.1",

        "jest-snapshot-serializer-raw": "^2.0.0",

        "jest-watch-typeahead": "^2.2.2",

        "lines-and-columns": "^2.0.4",

        "prettier": "^3.5.3",

        "solc": "^0.8.29",

        "ts-loader": "^9.5.2",

        "ts-node": "^10.9.2",

        "typescript": "^5.8.3",

        "webpack": "^5.99.7",

        "webpack-cli": "^6.0.1"

      },

      "engines": {

        "node": ">=18"

      },

      "peerDependencies": {

        "prettier": ">=3.0.0"

      }

    },

    "../node_modules/.pnpm/prettier@3.5.3/node_modules/prettier": {

      "version": "3.5.3",

      "extraneous": true,

      "license": "MIT",

      "bin": {

        "prettier": "bin/prettier.cjs"

      },

      "engines": {

        "node": ">=14"

      },

      "funding": {

        "url": "https://github.com/prettier/prettier?sponsor=1"

      }

    },

    "../node_modules/.pnpm/rocketh@0.11.20_bufferutil@4.0.9_typescript@5.8.3_utf-8-validate@5.0.10_zod@3.25.56/node_modules/rocketh": {

      "version": "0.11.20",

      "extraneous": true,

      "dependencies": {

        "@types/figlet": "^1.7.0",

        "@types/prompts": "^2.4.9",

        "commander": "^13.1.0",

        "eip-1193-jsonrpc-provider": "^0.4.3",

        "ethers": "^6.13.5",

        "figlet": "^1.8.0",

        "ldenv": "^0.3.12",

        "named-logs": "^0.3.2",

        "named-logs-console": "^0.3.1",

        "prompts": "^2.4.2",

        "tsx": "^4.19.3",

        "viem": "^2.23.12"

      },

      "bin": {

        "rocketh": "dist/cli.js"

      },

      "devDependencies": {

        "@types/node": "^22.13.10",

        "abitype": "^1.0.8",

        "as-soon": "^0.0.11",

        "eip-1193": "^0.6.2",

        "ipfs-gateway-emulator": "4.2.1-ipfs.2",

        "rimraf": "^6.0.1",

        "typedoc": "^0.27.9",

        "typescript": "^5.8.2"

      }

    },

    "../node_modules/.pnpm/rollup-plugin-node-builtins@2.1.2/node_modules/rollup-plugin-node-builtins": {

      "version": "2.1.2",

      "extraneous": true,

      "license": "ISC",

      "dependencies": {

        "browserify-fs": "^1.0.0",

        "buffer-es6": "^4.9.2",

        "crypto-browserify": "^3.11.0",

        "process-es6": "^0.11.2"

      },

      "devDependencies": {

        "babel-preset-es2015-rollup": "^3.0.0",

        "debug": "^2.2.0",

        "mocha": "^3.0.2",

        "rollup": "^0.37.0",

        "rollup-plugin-babel": "^2.4.0",

        "rollup-plugin-node-globals": "^1.0.7",

        "serve": "^2.0.0"

      }

    },

    "../node_modules/.pnpm/set-defaults@0.0.5/node_modules/set-defaults": {

      "version": "0.0.5",

      "extraneous": true,

      "dependencies": {

        "commander": "^10.0.0"

      },

      "bin": {

        "set-defaults": "dist/cli.cjs"

      },

      "devDependencies": {

        "@types/node": "^18.15.5",

        "rimraf": "^4.4.1",

        "tsup": "^6.7.0",

        "typescript": "^4.9.5"

      }

    },

    "../node_modules/.pnpm/solidity-kit@0.5.3/node_modules/solidity-kit": {

      "version": "0.5.3",

      "extraneous": true,

      "license": "MIT",

      "devDependencies": {

        "@changesets/cli": "^2.27.1",

        "@nomicfoundation/hardhat-network-helpers": "^1.0.10",

        "as-soon": "^0.0.8",

        "chai-ethers": "^0.0.1",

        "eip-1193": "^0.4.7",

        "ethereum-contracts-test-suite": "^0.2.1",

        "ethereum-indexer-browser": "^0.7.0",

        "hardhat": "^2.20.1",

        "hardhat-rocketh": "^3.0.2",

        "ldenv": "^0.3.9",

        "pkgroll": "^2.0.1",

        "prettier": "^3.2.5",

        "prettier-plugin-solidity": "^1.3.1",

        "rocketh": "^0.9.2",

        "rocketh-deploy": "^3.0.3",

        "rocketh-deploy-proxy": "^3.0.5",

        "rocketh-deploy-router": "^3.0.4",

        "rocketh-doc": "^3.0.2",

        "rocketh-export": "^3.0.2",

        "rocketh-signer": "^3.0.2",

        "rocketh-verifier": "^0.8.5",

        "rollup-plugin-node-builtins": "^2.1.2",

        "set-defaults": "^0.0.2",

        "solidity-coverage": "^0.8.7",

        "tsx": "^4.7.1",

        "typescript": "^5.3.3",

        "viem": "^2.7.11",

        "viem-chai-matchers": "^0.0.4",

        "vitest": "^1.3.1",

        "vitest-solidity-coverage": "^0.1.13"

      }

    },

    "../node_modules/.pnpm/solidity-proxy@0.4.0/node_modules/solidity-proxy": {

      "version": "0.4.0",

      "extraneous": true,

      "devDependencies": {

        "@nomicfoundation/hardhat-network-helpers": "^1.0.10",

        "hardhat": "^2.20.1",

        "hardhat-rocketh": "^3.0.2",

        "ldenv": "^0.3.9",

        "set-defaults": "^0.0.2"

      }

    },

    "../node_modules/.pnpm/tsx@4.19.4/node_modules/tsx": {

      "version": "4.19.4",

      "extraneous": true,

      "license": "MIT",

      "dependencies": {

        "esbuild": "~0.25.0",

        "get-tsconfig": "^4.7.5"

      },

      "bin": {

        "tsx": "dist/cli.mjs"

      },

      "engines": {

        "node": ">=18.0.0"

      },

      "optionalDependencies": {

        "fsevents": "~2.3.3"

      }

    },

    "../node_modules/.pnpm/typescript@5.8.3/node_modules/typescript": {

      "version": "5.8.3",

      "extraneous": true,

      "license": "Apache-2.0",

      "bin": {

        "tsc": "bin/tsc",

        "tsserver": "bin/tsserver"

      },

      "devDependencies": {

        "@dprint/formatter": "^0.4.1",

        "@dprint/typescript": "0.93.3",

        "@esfx/canceltoken": "^1.0.0",

        "@eslint/js": "^9.17.0",

        "@octokit/rest": "^21.0.2",

        "@types/chai": "^4.3.20",

        "@types/diff": "^5.2.3",

        "@types/minimist": "^1.2.5",

        "@types/mocha": "^10.0.10",

        "@types/ms": "^0.7.34",

        "@types/node": "latest",

        "@types/source-map-support": "^0.5.10",

        "@types/which": "^3.0.4",

        "@typescript-eslint/rule-tester": "^8.18.1",

        "@typescript-eslint/type-utils": "^8.18.1",

        "@typescript-eslint/utils": "^8.18.1",

        "azure-devops-node-api": "^14.1.0",

        "c8": "^10.1.3",

        "chai": "^4.5.0",

        "chalk": "^4.1.2",

        "chokidar": "^3.6.0",

        "diff": "^5.2.0",

        "dprint": "^0.47.6",

        "esbuild": "^0.24.0",

        "eslint": "^9.17.0",

        "eslint-formatter-autolinkable-stylish": "^1.4.0",

        "eslint-plugin-regexp": "^2.7.0",

        "fast-xml-parser": "^4.5.1",

        "glob": "^10.4.5",

        "globals": "^15.13.0",

        "hereby": "^1.10.0",

        "jsonc-parser": "^3.3.1",

        "knip": "^5.41.0",

        "minimist": "^1.2.8",

        "mocha": "^10.8.2",

        "mocha-fivemat-progress-reporter": "^0.1.0",

        "monocart-coverage-reports": "^2.11.4",

        "ms": "^2.1.3",

        "playwright": "^1.49.1",

        "source-map-support": "^0.5.21",

        "tslib": "^2.8.1",

        "typescript": "^5.7.2",

        "typescript-eslint": "^8.18.1",

        "which": "^3.0.1"

      },

      "engines": {

        "node": ">=14.17"

      }

    },

    "../node_modules/.pnpm/viem@2.31.0_bufferutil@4.0.9_typescript@5.8.3_utf-8-validate@5.0.10_zod@3.25.56/node_modules/viem": {

      "version": "2.31.0",

      "extraneous": true,

      "funding": [

        {

          "type": "github",

          "url": "https://github.com/sponsors/wevm"

        }

      ],

      "license": "MIT",

      "dependencies": {

        "@noble/curves": "1.9.1",

        "@noble/hashes": "1.8.0",

        "@scure/bip32": "1.7.0",

        "@scure/bip39": "1.6.0",

        "abitype": "1.0.8",

        "isows": "1.0.7",

        "ox": "0.7.1",

        "ws": "8.18.2"

      },

      "peerDependencies": {

        "typescript": ">=5.0.4"

      },

      "peerDependenciesMeta": {

        "typescript": {

          "optional": true

        }

      }

    },

    "../node_modules/.pnpm/vitest@3.2.3_@edge-runtime+vm@3.2.0_@types+debug@4.1.12_@types+node@22.15.30_happy-dom@17.4.4_terser@5.39.0_tsx@4.19.4/node_modules/vitest": {

      "version": "3.2.3",

      "extraneous": true,

      "license": "MIT",

      "dependencies": {

        "@types/chai": "^5.2.2",

        "@vitest/expect": "3.2.3",

        "@vitest/mocker": "3.2.3",

        "@vitest/pretty-format": "^3.2.3",

        "@vitest/runner": "3.2.3",

        "@vitest/snapshot": "3.2.3",

        "@vitest/spy": "3.2.3",

        "@vitest/utils": "3.2.3",

        "chai": "^5.2.0",

        "debug": "^4.4.1",

        "expect-type": "^1.2.1",

        "magic-string": "^0.30.17",

        "pathe": "^2.0.3",

        "picomatch": "^4.0.2",

        "std-env": "^3.9.0",

        "tinybench": "^2.9.0",

        "tinyexec": "^0.3.2",

        "tinyglobby": "^0.2.14",

        "tinypool": "^1.1.0",

        "tinyrainbow": "^2.0.0",

        "vite": "^5.0.0 || ^6.0.0 || ^7.0.0-0",

        "vite-node": "3.2.3",

        "why-is-node-running": "^2.3.0"

      },

      "bin": {

        "vitest": "vitest.mjs"

      },

      "devDependencies": {

        "@ampproject/remapping": "^2.3.0",

        "@antfu/install-pkg": "^1.1.0",

        "@edge-runtime/vm": "^5.0.0",

        "@sinonjs/fake-timers": "14.0.0",

        "@types/debug": "^4.1.12",

        "@types/estree": "^1.0.7",

        "@types/istanbul-lib-coverage": "^2.0.6",

        "@types/istanbul-reports": "^3.0.4",

        "@types/jsdom": "^21.1.7",

        "@types/mime": "^4.0.0",

        "@types/node": "^22.15.29",

        "@types/picomatch": "^4.0.0",

        "@types/prompts": "^2.4.9",

        "@types/sinonjs__fake-timers": "^8.1.5",

        "acorn-walk": "^8.3.4",

        "birpc": "2.3.0",

        "cac": "^6.7.14",

        "chai-subset": "^1.6.0",

        "find-up": "^6.3.0",

        "flatted": "^3.3.3",

        "happy-dom": "^17.5.6",

        "jsdom": "^26.1.0",

        "local-pkg": "^1.1.1",

        "mime": "^4.0.7",

        "pretty-format": "^29.7.0",

        "prompts": "^2.4.2",

        "strip-literal": "^3.0.0",

        "ws": "^8.18.2"

      },

      "engines": {

        "node": "^18.0.0 || ^20.0.0 || >=22.0.0"

      },

      "funding": {

        "url": "https://opencollective.com/vitest"

      },

      "peerDependencies": {

        "@edge-runtime/vm": "*",

        "@types/debug": "^4.1.12",

        "@types/node": "^18.0.0 || ^20.0.0 || >=22.0.0",

        "@vitest/browser": "3.2.3",

        "@vitest/ui": "3.2.3",

        "happy-dom": "*",

        "jsdom": "*"

      },

      "peerDependenciesMeta": {

        "@edge-runtime/vm": {

          "optional": true

        },

        "@types/debug": {

          "optional": true

        },

        "@types/node": {

          "optional": true

        },

        "@vitest/browser": {

          "optional": true

        },

        "@vitest/ui": {

          "optional": true

        },

        "happy-dom": {

          "optional": true

        },

        "jsdom": {

          "optional": true

        }

      }

    }

  }

}

